
Microsoft Visual Studio Solution File, Format Version 12.00
# Visual Studio Version 17
VisualStudioVersion = 17.0.31903.59
MinimumVisualStudioVersion = 10.0.40219.1
Project("{FAE04EC0-301F-11D3-BF4B-00C04F79EFBC}") = "NerdyLou.UI", "NerdyLou.UI\NerdyLou.UI.csproj", "{DB665C39-E35F-8997-86DB-19E101845B1B}"
EndProject
Project("{FAE04EC0-301F-11D3-BF4B-00C04F79EFBC}") = "NerdyLou.Models", "NerdyLou.Models\NerdyLou.Models.csproj", "{EA71C208-9036-462A-A03B-29B0CF232014}"
EndProject
Project("{FAE04EC0-301F-11D3-BF4B-00C04F79EFBC}") = "NerdyLou.Shared", "NerdyLou.Shared\NerdyLou.Shared.csproj", "{357F85CD-EE1E-5E58-0422-F776385DCED8}"
EndProject
Project("{FAE04EC0-301F-11D3-BF4B-00C04F79EFBC}") = "NerdyLou.MAUI", "NerdyLou.MAUI\NerdyLou.MAUI.csproj", "{75086147-F5F0-493F-9881-ECE65839E5C8}"
EndProject
Global
	GlobalSection(SolutionConfigurationPlatforms) = preSolution
		Debug|Any CPU = Debug|Any CPU
		Debug|x64 = Debug|x64
		Debug|x86 = Debug|x86
		Release|Any CPU = Release|Any CPU
		Release|x64 = Release|x64
		Release|x86 = Release|x86
	EndGlobalSection
	GlobalSection(ProjectConfigurationPlatforms) = postSolution
		{DB665C39-E35F-8997-86DB-19E101845B1B}.Debug|Any CPU.ActiveCfg = Debug|Any CPU
		{DB665C39-E35F-8997-86DB-19E101845B1B}.Debug|Any CPU.Build.0 = Debug|Any CPU
		{DB665C39-E35F-8997-86DB-19E101845B1B}.Debug|x64.ActiveCfg = Debug|Any CPU
		{DB665C39-E35F-8997-86DB-19E101845B1B}.Debug|x64.Build.0 = Debug|Any CPU
		{DB665C39-E35F-8997-86DB-19E101845B1B}.Debug|x86.ActiveCfg = Debug|Any CPU
		{DB665C39-E35F-8997-86DB-19E101845B1B}.Debug|x86.Build.0 = Debug|Any CPU
		{DB665C39-E35F-8997-86DB-19E101845B1B}.Release|Any CPU.ActiveCfg = Release|Any CPU
		{DB665C39-E35F-8997-86DB-19E101845B1B}.Release|Any CPU.Build.0 = Release|Any CPU
		{DB665C39-E35F-8997-86DB-19E101845B1B}.Release|x64.ActiveCfg = Release|Any CPU
		{DB665C39-E35F-8997-86DB-19E101845B1B}.Release|x64.Build.0 = Release|Any CPU
		{DB665C39-E35F-8997-86DB-19E101845B1B}.Release|x86.ActiveCfg = Release|Any CPU
		{DB665C39-E35F-8997-86DB-19E101845B1B}.Release|x86.Build.0 = Release|Any CPU
		{EA71C208-9036-462A-A03B-29B0CF232014}.Debug|Any CPU.ActiveCfg = Debug|Any CPU
		{EA71C208-9036-462A-A03B-29B0CF232014}.Debug|Any CPU.Build.0 = Debug|Any CPU
		{EA71C208-9036-462A-A03B-29B0CF232014}.Debug|x64.ActiveCfg = Debug|Any CPU
		{EA71C208-9036-462A-A03B-29B0CF232014}.Debug|x64.Build.0 = Debug|Any CPU
		{EA71C208-9036-462A-A03B-29B0CF232014}.Debug|x86.ActiveCfg = Debug|Any CPU
		{EA71C208-9036-462A-A03B-29B0CF232014}.Debug|x86.Build.0 = Debug|Any CPU
		{EA71C208-9036-462A-A03B-29B0CF232014}.Release|Any CPU.ActiveCfg = Release|Any CPU
		{EA71C208-9036-462A-A03B-29B0CF232014}.Release|Any CPU.Build.0 = Release|Any CPU
		{EA71C208-9036-462A-A03B-29B0CF232014}.Release|x64.ActiveCfg = Release|Any CPU
		{EA71C208-9036-462A-A03B-29B0CF232014}.Release|x64.Build.0 = Release|Any CPU
		{EA71C208-9036-462A-A03B-29B0CF232014}.Release|x86.ActiveCfg = Release|Any CPU
		{EA71C208-9036-462A-A03B-29B0CF232014}.Release|x86.Build.0 = Release|Any CPU
		{357F85CD-EE1E-5E58-0422-F776385DCED8}.Debug|Any CPU.ActiveCfg = Debug|Any CPU
		{357F85CD-EE1E-5E58-0422-F776385DCED8}.Debug|Any CPU.Build.0 = Debug|Any CPU
		{357F85CD-EE1E-5E58-0422-F776385DCED8}.Debug|x64.ActiveCfg = Debug|Any CPU
		{357F85CD-EE1E-5E58-0422-F776385DCED8}.Debug|x64.Build.0 = Debug|Any CPU
		{357F85CD-EE1E-5E58-0422-F776385DCED8}.Debug|x86.ActiveCfg = Debug|Any CPU
		{357F85CD-EE1E-5E58-0422-F776385DCED8}.Debug|x86.Build.0 = Debug|Any CPU
		{357F85CD-EE1E-5E58-0422-F776385DCED8}.Release|Any CPU.ActiveCfg = Release|Any CPU
		{357F85CD-EE1E-5E58-0422-F776385DCED8}.Release|Any CPU.Build.0 = Release|Any CPU
		{357F85CD-EE1E-5E58-0422-F776385DCED8}.Release|x64.ActiveCfg = Release|Any CPU
		{357F85CD-EE1E-5E58-0422-F776385DCED8}.Release|x64.Build.0 = Release|Any CPU
		{357F85CD-EE1E-5E58-0422-F776385DCED8}.Release|x86.ActiveCfg = Release|Any CPU
		{357F85CD-EE1E-5E58-0422-F776385DCED8}.Release|x86.Build.0 = Release|Any CPU
		{75086147-F5F0-493F-9881-ECE65839E5C8}.Debug|Any CPU.ActiveCfg = Debug|Any CPU
		{75086147-F5F0-493F-9881-ECE65839E5C8}.Debug|Any CPU.Build.0 = Debug|Any CPU
		{75086147-F5F0-493F-9881-ECE65839E5C8}.Debug|Any CPU.Deploy.0 = Debug|Any CPU
		{75086147-F5F0-493F-9881-ECE65839E5C8}.Debug|x64.ActiveCfg = Debug|Any CPU
		{75086147-F5F0-493F-9881-ECE65839E5C8}.Debug|x64.Build.0 = Debug|Any CPU
		{75086147-F5F0-493F-9881-ECE65839E5C8}.Debug|x86.ActiveCfg = Debug|Any CPU
		{75086147-F5F0-493F-9881-ECE65839E5C8}.Debug|x86.Build.0 = Debug|Any CPU
		{75086147-F5F0-493F-9881-ECE65839E5C8}.Release|Any CPU.ActiveCfg = Release|Any CPU
		{75086147-F5F0-493F-9881-ECE65839E5C8}.Release|Any CPU.Build.0 = Release|Any CPU
		{75086147-F5F0-493F-9881-ECE65839E5C8}.Release|x64.ActiveCfg = Release|Any CPU
		{75086147-F5F0-493F-9881-ECE65839E5C8}.Release|x64.Build.0 = Release|Any CPU
		{75086147-F5F0-493F-9881-ECE65839E5C8}.Release|x86.ActiveCfg = Release|Any CPU
		{75086147-F5F0-493F-9881-ECE65839E5C8}.Release|x86.Build.0 = Release|Any CPU
	EndGlobalSection
	GlobalSection(SolutionProperties) = preSolution
		HideSolutionNode = FALSE
	EndGlobalSection
	GlobalSection(ExtensibilityGlobals) = postSolution
		SolutionGuid = {0A07340C-F9B9-4E6D-BC3D-1205077864CC}
	EndGlobalSection
EndGlobal
